
Microsoft Visual Studio Solution File, Format Version 12.00
# Visual Studio Version 17
VisualStudioVersion = 17.12.35506.116
MinimumVisualStudioVersion = 10.0.40219.1
Project("{2150E333-8FDC-42A3-9474-1A3956D46DE8}") = "src", "src", "{DBBF41E9-3BB4-45E3-BF97-B3B2F0F9B83A}"
EndProject
Project("{2150E333-8FDC-42A3-9474-1A3956D46DE8}") = "test", "test", "{6F311166-CF2A-4255-96AE-7DBF4CCE17A0}"
EndProject
Project("{2150E333-8FDC-42A3-9474-1A3956D46DE8}") = "APIs", "APIs", "{900E2B32-68A5-4535-AD80-81681CCA653C}"
EndProject
Project("{2150E333-8FDC-42A3-9474-1A3956D46DE8}") = "Core", "Core", "{073FD370-F078-49C1-AF75-179B627F8527}"
EndProject
Project("{2150E333-8FDC-42A3-9474-1A3956D46DE8}") = "Infrastructure", "Infrastructure", "{74EE4DCF-81D2-485E-BB17-902CCD0843F8}"
EndProject
Project("{2150E333-8FDC-42A3-9474-1A3956D46DE8}") = "UI", "UI", "{B842867F-A472-40F8-82EB-B74F18797A18}"
EndProject
Project("{2150E333-8FDC-42A3-9474-1A3956D46DE8}") = "Dashboard", "Dashboard", "{2469ABB5-355C-4D45-96D5-3C42BCAE5C50}"
EndProject
Project("{2150E333-8FDC-42A3-9474-1A3956D46DE8}") = "Front-End", "Front-End", "{3BD699A0-96C7-40F8-A031-29119CF70452}"
EndProject
Project("{FAE04EC0-301F-11D3-BF4B-00C04F79EFBC}") = "Karim.ECommerce.APIs", "Karim.ECommerce.APIs\Karim.ECommerce.APIs.csproj", "{4B6BB76A-A69B-452F-91FA-8ED22FFA6D05}"
EndProject
Project("{FAE04EC0-301F-11D3-BF4B-00C04F79EFBC}") = "Karim.ECommerce.APIs.Controllers", "Karim.ECommerce.APIs.Controllers\Karim.ECommerce.APIs.Controllers.csproj", "{537D6826-E748-4AB3-A979-1C475F888EA3}"
EndProject
Project("{FAE04EC0-301F-11D3-BF4B-00C04F79EFBC}") = "Karim.ECommerce.Domain", "Karim.ECommerce.Domain\Karim.ECommerce.Domain.csproj", "{8CD871C5-6D6E-4DF1-BE10-2A2CA227A436}"
EndProject
Project("{FAE04EC0-301F-11D3-BF4B-00C04F79EFBC}") = "Karim.ECommerce.Application", "Karim.ECommerce.Application\Karim.ECommerce.Application.csproj", "{EA0CE60C-08EC-4431-B5BF-A5751F3DEC7D}"
EndProject
Project("{FAE04EC0-301F-11D3-BF4B-00C04F79EFBC}") = "Karim.ECommerce.Application.Abstraction", "Karim.ECommerce.Application.Abstraction\Karim.ECommerce.Application.Abstraction.csproj", "{42B5BC44-1381-49D9-B89A-9D4EDA8350EF}"
EndProject
Project("{FAE04EC0-301F-11D3-BF4B-00C04F79EFBC}") = "Karim.ECommerce.Infrastructure", "Karim.ECommerce.Infrastructure\Karim.ECommerce.Infrastructure.csproj", "{CA8EA768-AF36-43A8-B29A-2D51AD8ADB83}"
EndProject
Project("{FAE04EC0-301F-11D3-BF4B-00C04F79EFBC}") = "Karim.ECommerce.Infrastructure.Persistence", "Karim.ECommerce.Infrastructure.Persistence\Karim.ECommerce.Infrastructure.Persistence.csproj", "{7483C050-9215-4629-A539-21CEB24306EF}"
EndProject
Project("{FAE04EC0-301F-11D3-BF4B-00C04F79EFBC}") = "Karim.ECommerce.Dashboard", "Karim.ECommerce.Dashboard\Karim.ECommerce.Dashboard.csproj", "{F0B297B0-66DC-4CF2-B63F-37B1071E0101}"
EndProject
Project("{54A90642-561A-4BB1-A94E-469ADEE60C69}") = "Karim.ECommerce.Client", "Karim.ECommerce.Client\Karim.ECommerce.Client.esproj", "{23688196-F4F0-48B7-9B77-AED429FB0E77}"
EndProject
Project("{2150E333-8FDC-42A3-9474-1A3956D46DE8}") = "Shared", "Shared", "{71C7CA23-7123-4DAA-8FB4-D522DA504B6C}"
EndProject
Project("{FAE04EC0-301F-11D3-BF4B-00C04F79EFBC}") = "Karim.ECommerce.Shared", "Karim.ECommerce.Shared\Karim.ECommerce.Shared.csproj", "{0360E874-49E7-48E2-BB45-B3045AE5CB35}"
EndProject
Global
	GlobalSection(SolutionConfigurationPlatforms) = preSolution
		Debug|Any CPU = Debug|Any CPU
		Release|Any CPU = Release|Any CPU
	EndGlobalSection
	GlobalSection(ProjectConfigurationPlatforms) = postSolution
		{4B6BB76A-A69B-452F-91FA-8ED22FFA6D05}.Debug|Any CPU.ActiveCfg = Debug|Any CPU
		{4B6BB76A-A69B-452F-91FA-8ED22FFA6D05}.Debug|Any CPU.Build.0 = Debug|Any CPU
		{4B6BB76A-A69B-452F-91FA-8ED22FFA6D05}.Release|Any CPU.ActiveCfg = Release|Any CPU
		{4B6BB76A-A69B-452F-91FA-8ED22FFA6D05}.Release|Any CPU.Build.0 = Release|Any CPU
		{537D6826-E748-4AB3-A979-1C475F888EA3}.Debug|Any CPU.ActiveCfg = Debug|Any CPU
		{537D6826-E748-4AB3-A979-1C475F888EA3}.Debug|Any CPU.Build.0 = Debug|Any CPU
		{537D6826-E748-4AB3-A979-1C475F888EA3}.Release|Any CPU.ActiveCfg = Release|Any CPU
		{537D6826-E748-4AB3-A979-1C475F888EA3}.Release|Any CPU.Build.0 = Release|Any CPU
		{8CD871C5-6D6E-4DF1-BE10-2A2CA227A436}.Debug|Any CPU.ActiveCfg = Debug|Any CPU
		{8CD871C5-6D6E-4DF1-BE10-2A2CA227A436}.Debug|Any CPU.Build.0 = Debug|Any CPU
		{8CD871C5-6D6E-4DF1-BE10-2A2CA227A436}.Release|Any CPU.ActiveCfg = Release|Any CPU
		{8CD871C5-6D6E-4DF1-BE10-2A2CA227A436}.Release|Any CPU.Build.0 = Release|Any CPU
		{EA0CE60C-08EC-4431-B5BF-A5751F3DEC7D}.Debug|Any CPU.ActiveCfg = Debug|Any CPU
		{EA0CE60C-08EC-4431-B5BF-A5751F3DEC7D}.Debug|Any CPU.Build.0 = Debug|Any CPU
		{EA0CE60C-08EC-4431-B5BF-A5751F3DEC7D}.Release|Any CPU.ActiveCfg = Release|Any CPU
		{EA0CE60C-08EC-4431-B5BF-A5751F3DEC7D}.Release|Any CPU.Build.0 = Release|Any CPU
		{42B5BC44-1381-49D9-B89A-9D4EDA8350EF}.Debug|Any CPU.ActiveCfg = Debug|Any CPU
		{42B5BC44-1381-49D9-B89A-9D4EDA8350EF}.Debug|Any CPU.Build.0 = Debug|Any CPU
		{42B5BC44-1381-49D9-B89A-9D4EDA8350EF}.Release|Any CPU.ActiveCfg = Release|Any CPU
		{42B5BC44-1381-49D9-B89A-9D4EDA8350EF}.Release|Any CPU.Build.0 = Release|Any CPU
		{CA8EA768-AF36-43A8-B29A-2D51AD8ADB83}.Debug|Any CPU.ActiveCfg = Debug|Any CPU
		{CA8EA768-AF36-43A8-B29A-2D51AD8ADB83}.Debug|Any CPU.Build.0 = Debug|Any CPU
		{CA8EA768-AF36-43A8-B29A-2D51AD8ADB83}.Release|Any CPU.ActiveCfg = Release|Any CPU
		{CA8EA768-AF36-43A8-B29A-2D51AD8ADB83}.Release|Any CPU.Build.0 = Release|Any CPU
		{7483C050-9215-4629-A539-21CEB24306EF}.Debug|Any CPU.ActiveCfg = Debug|Any CPU
		{7483C050-9215-4629-A539-21CEB24306EF}.Debug|Any CPU.Build.0 = Debug|Any CPU
		{7483C050-9215-4629-A539-21CEB24306EF}.Release|Any CPU.ActiveCfg = Release|Any CPU
		{7483C050-9215-4629-A539-21CEB24306EF}.Release|Any CPU.Build.0 = Release|Any CPU
		{F0B297B0-66DC-4CF2-B63F-37B1071E0101}.Debug|Any CPU.ActiveCfg = Debug|Any CPU
		{F0B297B0-66DC-4CF2-B63F-37B1071E0101}.Debug|Any CPU.Build.0 = Debug|Any CPU
		{F0B297B0-66DC-4CF2-B63F-37B1071E0101}.Release|Any CPU.ActiveCfg = Release|Any CPU
		{F0B297B0-66DC-4CF2-B63F-37B1071E0101}.Release|Any CPU.Build.0 = Release|Any CPU
		{23688196-F4F0-48B7-9B77-AED429FB0E77}.Debug|Any CPU.ActiveCfg = Debug|Any CPU
		{23688196-F4F0-48B7-9B77-AED429FB0E77}.Debug|Any CPU.Build.0 = Debug|Any CPU
		{23688196-F4F0-48B7-9B77-AED429FB0E77}.Debug|Any CPU.Deploy.0 = Debug|Any CPU
		{23688196-F4F0-48B7-9B77-AED429FB0E77}.Release|Any CPU.ActiveCfg = Release|Any CPU
		{23688196-F4F0-48B7-9B77-AED429FB0E77}.Release|Any CPU.Build.0 = Release|Any CPU
		{23688196-F4F0-48B7-9B77-AED429FB0E77}.Release|Any CPU.Deploy.0 = Release|Any CPU
		{0360E874-49E7-48E2-BB45-B3045AE5CB35}.Debug|Any CPU.ActiveCfg = Debug|Any CPU
		{0360E874-49E7-48E2-BB45-B3045AE5CB35}.Debug|Any CPU.Build.0 = Debug|Any CPU
		{0360E874-49E7-48E2-BB45-B3045AE5CB35}.Release|Any CPU.ActiveCfg = Release|Any CPU
		{0360E874-49E7-48E2-BB45-B3045AE5CB35}.Release|Any CPU.Build.0 = Release|Any CPU
	EndGlobalSection
	GlobalSection(SolutionProperties) = preSolution
		HideSolutionNode = FALSE
	EndGlobalSection
	GlobalSection(NestedProjects) = preSolution
		{900E2B32-68A5-4535-AD80-81681CCA653C} = {DBBF41E9-3BB4-45E3-BF97-B3B2F0F9B83A}
		{073FD370-F078-49C1-AF75-179B627F8527} = {DBBF41E9-3BB4-45E3-BF97-B3B2F0F9B83A}
		{74EE4DCF-81D2-485E-BB17-902CCD0843F8} = {DBBF41E9-3BB4-45E3-BF97-B3B2F0F9B83A}
		{B842867F-A472-40F8-82EB-B74F18797A18} = {DBBF41E9-3BB4-45E3-BF97-B3B2F0F9B83A}
		{2469ABB5-355C-4D45-96D5-3C42BCAE5C50} = {B842867F-A472-40F8-82EB-B74F18797A18}
		{3BD699A0-96C7-40F8-A031-29119CF70452} = {B842867F-A472-40F8-82EB-B74F18797A18}
		{4B6BB76A-A69B-452F-91FA-8ED22FFA6D05} = {900E2B32-68A5-4535-AD80-81681CCA653C}
		{537D6826-E748-4AB3-A979-1C475F888EA3} = {900E2B32-68A5-4535-AD80-81681CCA653C}
		{8CD871C5-6D6E-4DF1-BE10-2A2CA227A436} = {073FD370-F078-49C1-AF75-179B627F8527}
		{EA0CE60C-08EC-4431-B5BF-A5751F3DEC7D} = {073FD370-F078-49C1-AF75-179B627F8527}
		{42B5BC44-1381-49D9-B89A-9D4EDA8350EF} = {073FD370-F078-49C1-AF75-179B627F8527}
		{CA8EA768-AF36-43A8-B29A-2D51AD8ADB83} = {74EE4DCF-81D2-485E-BB17-902CCD0843F8}
		{7483C050-9215-4629-A539-21CEB24306EF} = {74EE4DCF-81D2-485E-BB17-902CCD0843F8}
		{F0B297B0-66DC-4CF2-B63F-37B1071E0101} = {2469ABB5-355C-4D45-96D5-3C42BCAE5C50}
		{23688196-F4F0-48B7-9B77-AED429FB0E77} = {3BD699A0-96C7-40F8-A031-29119CF70452}
		{71C7CA23-7123-4DAA-8FB4-D522DA504B6C} = {DBBF41E9-3BB4-45E3-BF97-B3B2F0F9B83A}
		{0360E874-49E7-48E2-BB45-B3045AE5CB35} = {71C7CA23-7123-4DAA-8FB4-D522DA504B6C}
	EndGlobalSection
EndGlobal
